// !$*UTF8*$!
{
	archiveVersion = 1;
	classes = {
	};
	objectVersion = 52;
	objects = {

/* Begin PBXBuildFile section */
		811589D32382082200B633D3 /* HomeViewController.swift in Sources */ = {isa = PBXBuildFile; fileRef = 811589D22382082200B633D3 /* HomeViewController.swift */; };
		811589D5238208B000B633D3 /* Fact.swift in Sources */ = {isa = PBXBuildFile; fileRef = 811589D4238208B000B633D3 /* Fact.swift */; };
		811589D72382092A00B633D3 /* Categories.swift in Sources */ = {isa = PBXBuildFile; fileRef = 811589D62382092A00B633D3 /* Categories.swift */; };
		811589D923820D2700B633D3 /* NetworkService.swift in Sources */ = {isa = PBXBuildFile; fileRef = 811589D823820D2700B633D3 /* NetworkService.swift */; };
		811589DB238211B500B633D3 /* HomeView.swift in Sources */ = {isa = PBXBuildFile; fileRef = 811589DA238211B500B633D3 /* HomeView.swift */; };
		811589DD2382153100B633D3 /* SearchView.swift in Sources */ = {isa = PBXBuildFile; fileRef = 811589DC2382153100B633D3 /* SearchView.swift */; };
		811589DF238216F300B633D3 /* UIView+addSubviews.swift in Sources */ = {isa = PBXBuildFile; fileRef = 811589DE238216F300B633D3 /* UIView+addSubviews.swift */; };
		8118516E237C95880064C9BD /* AppDelegate.swift in Sources */ = {isa = PBXBuildFile; fileRef = 8118516D237C95880064C9BD /* AppDelegate.swift */; };
		81185170237C95880064C9BD /* SceneDelegate.swift in Sources */ = {isa = PBXBuildFile; fileRef = 8118516F237C95880064C9BD /* SceneDelegate.swift */; };
		81185177237C958C0064C9BD /* Assets.xcassets in Resources */ = {isa = PBXBuildFile; fileRef = 81185176237C958C0064C9BD /* Assets.xcassets */; };
		8118517A237C958C0064C9BD /* LaunchScreen.storyboard in Resources */ = {isa = PBXBuildFile; fileRef = 81185178237C958C0064C9BD /* LaunchScreen.storyboard */; };
		81185185237C958C0064C9BD /* NorrisFactsTests.swift in Sources */ = {isa = PBXBuildFile; fileRef = 81185184237C958C0064C9BD /* NorrisFactsTests.swift */; };
		81185190237C958C0064C9BD /* NorrisFactsUITests.swift in Sources */ = {isa = PBXBuildFile; fileRef = 8118518F237C958C0064C9BD /* NorrisFactsUITests.swift */; };
		811851A5237DF70A0064C9BD /* RxSwift in Frameworks */ = {isa = PBXBuildFile; productRef = 811851A4237DF70A0064C9BD /* RxSwift */; };
		811851A7237DF70A0064C9BD /* RxCocoa in Frameworks */ = {isa = PBXBuildFile; productRef = 811851A6237DF70A0064C9BD /* RxCocoa */; };
/* End PBXBuildFile section */

/* Begin PBXContainerItemProxy section */
		81185181237C958C0064C9BD /* PBXContainerItemProxy */ = {
			isa = PBXContainerItemProxy;
			containerPortal = 81185162237C95880064C9BD /* Project object */;
			proxyType = 1;
			remoteGlobalIDString = 81185169237C95880064C9BD;
			remoteInfo = NorrisFacts;
		};
		8118518C237C958C0064C9BD /* PBXContainerItemProxy */ = {
			isa = PBXContainerItemProxy;
			containerPortal = 81185162237C95880064C9BD /* Project object */;
			proxyType = 1;
			remoteGlobalIDString = 81185169237C95880064C9BD;
			remoteInfo = NorrisFacts;
		};
/* End PBXContainerItemProxy section */

/* Begin PBXFileReference section */
		811589D22382082200B633D3 /* HomeViewController.swift */ = {isa = PBXFileReference; lastKnownFileType = sourcecode.swift; path = HomeViewController.swift; sourceTree = "<group>"; };
		811589D4238208B000B633D3 /* Fact.swift */ = {isa = PBXFileReference; lastKnownFileType = sourcecode.swift; path = Fact.swift; sourceTree = "<group>"; };
		811589D62382092A00B633D3 /* Categories.swift */ = {isa = PBXFileReference; lastKnownFileType = sourcecode.swift; path = Categories.swift; sourceTree = "<group>"; };
		811589D823820D2700B633D3 /* NetworkService.swift */ = {isa = PBXFileReference; lastKnownFileType = sourcecode.swift; path = NetworkService.swift; sourceTree = "<group>"; };
		811589DA238211B500B633D3 /* HomeView.swift */ = {isa = PBXFileReference; lastKnownFileType = sourcecode.swift; path = HomeView.swift; sourceTree = "<group>"; };
		811589DC2382153100B633D3 /* SearchView.swift */ = {isa = PBXFileReference; lastKnownFileType = sourcecode.swift; path = SearchView.swift; sourceTree = "<group>"; };
		811589DE238216F300B633D3 /* UIView+addSubviews.swift */ = {isa = PBXFileReference; lastKnownFileType = sourcecode.swift; path = "UIView+addSubviews.swift"; sourceTree = "<group>"; };
		8118516A237C95880064C9BD /* NorrisFacts.app */ = {isa = PBXFileReference; explicitFileType = wrapper.application; includeInIndex = 0; path = NorrisFacts.app; sourceTree = BUILT_PRODUCTS_DIR; };
		8118516D237C95880064C9BD /* AppDelegate.swift */ = {isa = PBXFileReference; lastKnownFileType = sourcecode.swift; path = AppDelegate.swift; sourceTree = "<group>"; };
		8118516F237C95880064C9BD /* SceneDelegate.swift */ = {isa = PBXFileReference; lastKnownFileType = sourcecode.swift; path = SceneDelegate.swift; sourceTree = "<group>"; };
		81185176237C958C0064C9BD /* Assets.xcassets */ = {isa = PBXFileReference; lastKnownFileType = folder.assetcatalog; path = Assets.xcassets; sourceTree = "<group>"; };
		81185179237C958C0064C9BD /* Base */ = {isa = PBXFileReference; lastKnownFileType = file.storyboard; name = Base; path = Base.lproj/LaunchScreen.storyboard; sourceTree = "<group>"; };
		8118517B237C958C0064C9BD /* Info.plist */ = {isa = PBXFileReference; lastKnownFileType = text.plist.xml; path = Info.plist; sourceTree = "<group>"; };
		81185180237C958C0064C9BD /* NorrisFactsTests.xctest */ = {isa = PBXFileReference; explicitFileType = wrapper.cfbundle; includeInIndex = 0; path = NorrisFactsTests.xctest; sourceTree = BUILT_PRODUCTS_DIR; };
		81185184237C958C0064C9BD /* NorrisFactsTests.swift */ = {isa = PBXFileReference; lastKnownFileType = sourcecode.swift; path = NorrisFactsTests.swift; sourceTree = "<group>"; };
		81185186237C958C0064C9BD /* Info.plist */ = {isa = PBXFileReference; lastKnownFileType = text.plist.xml; path = Info.plist; sourceTree = "<group>"; };
		8118518B237C958C0064C9BD /* NorrisFactsUITests.xctest */ = {isa = PBXFileReference; explicitFileType = wrapper.cfbundle; includeInIndex = 0; path = NorrisFactsUITests.xctest; sourceTree = BUILT_PRODUCTS_DIR; };
		8118518F237C958C0064C9BD /* NorrisFactsUITests.swift */ = {isa = PBXFileReference; lastKnownFileType = sourcecode.swift; path = NorrisFactsUITests.swift; sourceTree = "<group>"; };
		81185191237C958C0064C9BD /* Info.plist */ = {isa = PBXFileReference; lastKnownFileType = text.plist.xml; path = Info.plist; sourceTree = "<group>"; };
/* End PBXFileReference section */

/* Begin PBXFrameworksBuildPhase section */
		81185167237C95880064C9BD /* Frameworks */ = {
			isa = PBXFrameworksBuildPhase;
			buildActionMask = 2147483647;
			files = (
				811851A7237DF70A0064C9BD /* RxCocoa in Frameworks */,
				811851A5237DF70A0064C9BD /* RxSwift in Frameworks */,
			);
			runOnlyForDeploymentPostprocessing = 0;
		};
		8118517D237C958C0064C9BD /* Frameworks */ = {
			isa = PBXFrameworksBuildPhase;
			buildActionMask = 2147483647;
			files = (
			);
			runOnlyForDeploymentPostprocessing = 0;
		};
		81185188237C958C0064C9BD /* Frameworks */ = {
			isa = PBXFrameworksBuildPhase;
			buildActionMask = 2147483647;
			files = (
			);
			runOnlyForDeploymentPostprocessing = 0;
		};
/* End PBXFrameworksBuildPhase section */

/* Begin PBXGroup section */
		811589CB2382067600B633D3 /* Controller */ = {
			isa = PBXGroup;
			children = (
				811589D22382082200B633D3 /* HomeViewController.swift */,
			);
			path = Controller;
			sourceTree = "<group>";
		};
		811589CC2382067D00B633D3 /* View */ = {
			isa = PBXGroup;
			children = (
				811589DA238211B500B633D3 /* HomeView.swift */,
				811589DC2382153100B633D3 /* SearchView.swift */,
			);
			path = View;
			sourceTree = "<group>";
		};
		811589CD2382068400B633D3 /* Model */ = {
			isa = PBXGroup;
			children = (
				811589D4238208B000B633D3 /* Fact.swift */,
				811589D62382092A00B633D3 /* Categories.swift */,
			);
			path = Model;
			sourceTree = "<group>";
		};
		811589CE2382070100B633D3 /* ViewModel */ = {
			isa = PBXGroup;
			children = (
			);
			path = ViewModel;
			sourceTree = "<group>";
		};
		811589CF2382070600B633D3 /* Utils */ = {
			isa = PBXGroup;
			children = (
				811589D823820D2700B633D3 /* NetworkService.swift */,
				811589DE238216F300B633D3 /* UIView+addSubviews.swift */,
			);
			path = Utils;
			sourceTree = "<group>";
		};
		81185161237C95880064C9BD = {
			isa = PBXGroup;
			children = (
				8118516C237C95880064C9BD /* NorrisFacts */,
				81185183237C958C0064C9BD /* NorrisFactsTests */,
				8118518E237C958C0064C9BD /* NorrisFactsUITests */,
				8118516B237C95880064C9BD /* Products */,
			);
			sourceTree = "<group>";
		};
		8118516B237C95880064C9BD /* Products */ = {
			isa = PBXGroup;
			children = (
				8118516A237C95880064C9BD /* NorrisFacts.app */,
				81185180237C958C0064C9BD /* NorrisFactsTests.xctest */,
				8118518B237C958C0064C9BD /* NorrisFactsUITests.xctest */,
			);
			name = Products;
			sourceTree = "<group>";
		};
		8118516C237C95880064C9BD /* NorrisFacts */ = {
			isa = PBXGroup;
			children = (
				811589CF2382070600B633D3 /* Utils */,
				811589CD2382068400B633D3 /* Model */,
				811589CE2382070100B633D3 /* ViewModel */,
				811589CC2382067D00B633D3 /* View */,
				811589CB2382067600B633D3 /* Controller */,
				8118516D237C95880064C9BD /* AppDelegate.swift */,
				8118516F237C95880064C9BD /* SceneDelegate.swift */,
				81185176237C958C0064C9BD /* Assets.xcassets */,
				81185178237C958C0064C9BD /* LaunchScreen.storyboard */,
				8118517B237C958C0064C9BD /* Info.plist */,
			);
			path = NorrisFacts;
			sourceTree = "<group>";
		};
		81185183237C958C0064C9BD /* NorrisFactsTests */ = {
			isa = PBXGroup;
			children = (
				81185184237C958C0064C9BD /* NorrisFactsTests.swift */,
				81185186237C958C0064C9BD /* Info.plist */,
			);
			path = NorrisFactsTests;
			sourceTree = "<group>";
		};
		8118518E237C958C0064C9BD /* NorrisFactsUITests */ = {
			isa = PBXGroup;
			children = (
				8118518F237C958C0064C9BD /* NorrisFactsUITests.swift */,
				81185191237C958C0064C9BD /* Info.plist */,
			);
			path = NorrisFactsUITests;
			sourceTree = "<group>";
		};
/* End PBXGroup section */

/* Begin PBXNativeTarget section */
		81185169237C95880064C9BD /* NorrisFacts */ = {
			isa = PBXNativeTarget;
			buildConfigurationList = 81185194237C958C0064C9BD /* Build configuration list for PBXNativeTarget "NorrisFacts" */;
			buildPhases = (
				81185166237C95880064C9BD /* Sources */,
				81185167237C95880064C9BD /* Frameworks */,
				81185168237C95880064C9BD /* Resources */,
				8118519D237C990A0064C9BD /* ShellScript */,
			);
			buildRules = (
			);
			dependencies = (
			);
			name = NorrisFacts;
			packageProductDependencies = (
				811851A4237DF70A0064C9BD /* RxSwift */,
				811851A6237DF70A0064C9BD /* RxCocoa */,
			);
			productName = NorrisFacts;
			productReference = 8118516A237C95880064C9BD /* NorrisFacts.app */;
			productType = "com.apple.product-type.application";
		};
		8118517F237C958C0064C9BD /* NorrisFactsTests */ = {
			isa = PBXNativeTarget;
			buildConfigurationList = 81185197237C958C0064C9BD /* Build configuration list for PBXNativeTarget "NorrisFactsTests" */;
			buildPhases = (
				8118517C237C958C0064C9BD /* Sources */,
				8118517D237C958C0064C9BD /* Frameworks */,
				8118517E237C958C0064C9BD /* Resources */,
			);
			buildRules = (
			);
			dependencies = (
				81185182237C958C0064C9BD /* PBXTargetDependency */,
			);
			name = NorrisFactsTests;
			productName = NorrisFactsTests;
			productReference = 81185180237C958C0064C9BD /* NorrisFactsTests.xctest */;
			productType = "com.apple.product-type.bundle.unit-test";
		};
		8118518A237C958C0064C9BD /* NorrisFactsUITests */ = {
			isa = PBXNativeTarget;
			buildConfigurationList = 8118519A237C958C0064C9BD /* Build configuration list for PBXNativeTarget "NorrisFactsUITests" */;
			buildPhases = (
				81185187237C958C0064C9BD /* Sources */,
				81185188237C958C0064C9BD /* Frameworks */,
				81185189237C958C0064C9BD /* Resources */,
			);
			buildRules = (
			);
			dependencies = (
				8118518D237C958C0064C9BD /* PBXTargetDependency */,
			);
			name = NorrisFactsUITests;
			productName = NorrisFactsUITests;
			productReference = 8118518B237C958C0064C9BD /* NorrisFactsUITests.xctest */;
			productType = "com.apple.product-type.bundle.ui-testing";
		};
/* End PBXNativeTarget section */

/* Begin PBXProject section */
		81185162237C95880064C9BD /* Project object */ = {
			isa = PBXProject;
			attributes = {
				LastSwiftUpdateCheck = 1110;
				LastUpgradeCheck = 1110;
				ORGANIZATIONNAME = "Amanda Tavares";
				TargetAttributes = {
					81185169237C95880064C9BD = {
						CreatedOnToolsVersion = 11.1;
					};
					8118517F237C958C0064C9BD = {
						CreatedOnToolsVersion = 11.1;
						TestTargetID = 81185169237C95880064C9BD;
					};
					8118518A237C958C0064C9BD = {
						CreatedOnToolsVersion = 11.1;
						TestTargetID = 81185169237C95880064C9BD;
					};
				};
			};
			buildConfigurationList = 81185165237C95880064C9BD /* Build configuration list for PBXProject "NorrisFacts" */;
			compatibilityVersion = "Xcode 9.3";
			developmentRegion = en;
			hasScannedForEncodings = 0;
			knownRegions = (
				en,
				Base,
			);
			mainGroup = 81185161237C95880064C9BD;
			packageReferences = (
				811851A1237DF70A0064C9BD /* XCRemoteSwiftPackageReference "RxSwift" */,
			);
			productRefGroup = 8118516B237C95880064C9BD /* Products */;
			projectDirPath = "";
			projectRoot = "";
			targets = (
				81185169237C95880064C9BD /* NorrisFacts */,
				8118517F237C958C0064C9BD /* NorrisFactsTests */,
				8118518A237C958C0064C9BD /* NorrisFactsUITests */,
			);
		};
/* End PBXProject section */

/* Begin PBXResourcesBuildPhase section */
		81185168237C95880064C9BD /* Resources */ = {
			isa = PBXResourcesBuildPhase;
			buildActionMask = 2147483647;
			files = (
				8118517A237C958C0064C9BD /* LaunchScreen.storyboard in Resources */,
				81185177237C958C0064C9BD /* Assets.xcassets in Resources */,
			);
			runOnlyForDeploymentPostprocessing = 0;
		};
		8118517E237C958C0064C9BD /* Resources */ = {
			isa = PBXResourcesBuildPhase;
			buildActionMask = 2147483647;
			files = (
			);
			runOnlyForDeploymentPostprocessing = 0;
		};
		81185189237C958C0064C9BD /* Resources */ = {
			isa = PBXResourcesBuildPhase;
			buildActionMask = 2147483647;
			files = (
			);
			runOnlyForDeploymentPostprocessing = 0;
		};
/* End PBXResourcesBuildPhase section */

/* Begin PBXShellScriptBuildPhase section */
		8118519D237C990A0064C9BD /* ShellScript */ = {
			isa = PBXShellScriptBuildPhase;
			buildActionMask = 2147483647;
			files = (
			);
			inputFileListPaths = (
			);
			inputPaths = (
			);
			outputFileListPaths = (
			);
			outputPaths = (
			);
			runOnlyForDeploymentPostprocessing = 0;
			shellPath = /bin/sh;
			shellScript = "# Type a script or drag a script file from your workspace to insert its path.\nif which swiftlint >/dev/null; then\nswiftlint\nelse\necho \"warning: Swiftlint not installed, download from https://github.com/realm/SwiftLint\"\nfi\n";
		};
/* End PBXShellScriptBuildPhase section */

/* Begin PBXSourcesBuildPhase section */
		81185166237C95880064C9BD /* Sources */ = {
			isa = PBXSourcesBuildPhase;
			buildActionMask = 2147483647;
			files = (
				8118516E237C95880064C9BD /* AppDelegate.swift in Sources */,
				811589DB238211B500B633D3 /* HomeView.swift in Sources */,
				811589D72382092A00B633D3 /* Categories.swift in Sources */,
				811589DF238216F300B633D3 /* UIView+addSubviews.swift in Sources */,
				81185170237C95880064C9BD /* SceneDelegate.swift in Sources */,
				811589DD2382153100B633D3 /* SearchView.swift in Sources */,
				811589D32382082200B633D3 /* HomeViewController.swift in Sources */,
				811589D923820D2700B633D3 /* NetworkService.swift in Sources */,
				811589D5238208B000B633D3 /* Fact.swift in Sources */,
			);
			runOnlyForDeploymentPostprocessing = 0;
		};
		8118517C237C958C0064C9BD /* Sources */ = {
			isa = PBXSourcesBuildPhase;
			buildActionMask = 2147483647;
			files = (
				81185185237C958C0064C9BD /* NorrisFactsTests.swift in Sources */,
			);
			runOnlyForDeploymentPostprocessing = 0;
		};
		81185187237C958C0064C9BD /* Sources */ = {
			isa = PBXSourcesBuildPhase;
			buildActionMask = 2147483647;
			files = (
				81185190237C958C0064C9BD /* NorrisFactsUITests.swift in Sources */,
			);
			runOnlyForDeploymentPostprocessing = 0;
		};
/* End PBXSourcesBuildPhase section */

/* Begin PBXTargetDependency section */
		81185182237C958C0064C9BD /* PBXTargetDependency */ = {
			isa = PBXTargetDependency;
			target = 81185169237C95880064C9BD /* NorrisFacts */;
			targetProxy = 81185181237C958C0064C9BD /* PBXContainerItemProxy */;
		};
		8118518D237C958C0064C9BD /* PBXTargetDependency */ = {
			isa = PBXTargetDependency;
			target = 81185169237C95880064C9BD /* NorrisFacts */;
			targetProxy = 8118518C237C958C0064C9BD /* PBXContainerItemProxy */;
		};
/* End PBXTargetDependency section */

/* Begin PBXVariantGroup section */
		81185178237C958C0064C9BD /* LaunchScreen.storyboard */ = {
			isa = PBXVariantGroup;
			children = (
				81185179237C958C0064C9BD /* Base */,
			);
			name = LaunchScreen.storyboard;
			sourceTree = "<group>";
		};
/* End PBXVariantGroup section */

/* Begin XCBuildConfiguration section */
		81185192237C958C0064C9BD /* Debug */ = {
			isa = XCBuildConfiguration;
			buildSettings = {
				ALWAYS_SEARCH_USER_PATHS = NO;
				CLANG_ANALYZER_NONNULL = YES;
				CLANG_ANALYZER_NUMBER_OBJECT_CONVERSION = YES_AGGRESSIVE;
				CLANG_CXX_LANGUAGE_STANDARD = "gnu++14";
				CLANG_CXX_LIBRARY = "libc++";
				CLANG_ENABLE_MODULES = YES;
				CLANG_ENABLE_OBJC_ARC = YES;
				CLANG_ENABLE_OBJC_WEAK = YES;
				CLANG_WARN_BLOCK_CAPTURE_AUTORELEASING = YES;
				CLANG_WARN_BOOL_CONVERSION = YES;
				CLANG_WARN_COMMA = YES;
				CLANG_WARN_CONSTANT_CONVERSION = YES;
				CLANG_WARN_DEPRECATED_OBJC_IMPLEMENTATIONS = YES;
				CLANG_WARN_DIRECT_OBJC_ISA_USAGE = YES_ERROR;
				CLANG_WARN_DOCUMENTATION_COMMENTS = YES;
				CLANG_WARN_EMPTY_BODY = YES;
				CLANG_WARN_ENUM_CONVERSION = YES;
				CLANG_WARN_INFINITE_RECURSION = YES;
				CLANG_WARN_INT_CONVERSION = YES;
				CLANG_WARN_NON_LITERAL_NULL_CONVERSION = YES;
				CLANG_WARN_OBJC_IMPLICIT_RETAIN_SELF = YES;
				CLANG_WARN_OBJC_LITERAL_CONVERSION = YES;
				CLANG_WARN_OBJC_ROOT_CLASS = YES_ERROR;
				CLANG_WARN_RANGE_LOOP_ANALYSIS = YES;
				CLANG_WARN_STRICT_PROTOTYPES = YES;
				CLANG_WARN_SUSPICIOUS_MOVE = YES;
				CLANG_WARN_UNGUARDED_AVAILABILITY = YES_AGGRESSIVE;
				CLANG_WARN_UNREACHABLE_CODE = YES;
				CLANG_WARN__DUPLICATE_METHOD_MATCH = YES;
				COPY_PHASE_STRIP = NO;
				DEBUG_INFORMATION_FORMAT = dwarf;
				ENABLE_STRICT_OBJC_MSGSEND = YES;
				ENABLE_TESTABILITY = YES;
				GCC_C_LANGUAGE_STANDARD = gnu11;
				GCC_DYNAMIC_NO_PIC = NO;
				GCC_NO_COMMON_BLOCKS = YES;
				GCC_OPTIMIZATION_LEVEL = 0;
				GCC_PREPROCESSOR_DEFINITIONS = (
					"DEBUG=1",
					"$(inherited)",
				);
				GCC_WARN_64_TO_32_BIT_CONVERSION = YES;
				GCC_WARN_ABOUT_RETURN_TYPE = YES_ERROR;
				GCC_WARN_UNDECLARED_SELECTOR = YES;
				GCC_WARN_UNINITIALIZED_AUTOS = YES_AGGRESSIVE;
				GCC_WARN_UNUSED_FUNCTION = YES;
				GCC_WARN_UNUSED_VARIABLE = YES;
				IPHONEOS_DEPLOYMENT_TARGET = 13.1;
				MTL_ENABLE_DEBUG_INFO = INCLUDE_SOURCE;
				MTL_FAST_MATH = YES;
				ONLY_ACTIVE_ARCH = YES;
				SDKROOT = iphoneos;
				SWIFT_ACTIVE_COMPILATION_CONDITIONS = DEBUG;
				SWIFT_OPTIMIZATION_LEVEL = "-Onone";
			};
			name = Debug;
		};
		81185193237C958C0064C9BD /* Release */ = {
			isa = XCBuildConfiguration;
			buildSettings = {
				ALWAYS_SEARCH_USER_PATHS = NO;
				CLANG_ANALYZER_NONNULL = YES;
				CLANG_ANALYZER_NUMBER_OBJECT_CONVERSION = YES_AGGRESSIVE;
				CLANG_CXX_LANGUAGE_STANDARD = "gnu++14";
				CLANG_CXX_LIBRARY = "libc++";
				CLANG_ENABLE_MODULES = YES;
				CLANG_ENABLE_OBJC_ARC = YES;
				CLANG_ENABLE_OBJC_WEAK = YES;
				CLANG_WARN_BLOCK_CAPTURE_AUTORELEASING = YES;
				CLANG_WARN_BOOL_CONVERSION = YES;
				CLANG_WARN_COMMA = YES;
				CLANG_WARN_CONSTANT_CONVERSION = YES;
				CLANG_WARN_DEPRECATED_OBJC_IMPLEMENTATIONS = YES;
				CLANG_WARN_DIRECT_OBJC_ISA_USAGE = YES_ERROR;
				CLANG_WARN_DOCUMENTATION_COMMENTS = YES;
				CLANG_WARN_EMPTY_BODY = YES;
				CLANG_WARN_ENUM_CONVERSION = YES;
				CLANG_WARN_INFINITE_RECURSION = YES;
				CLANG_WARN_INT_CONVERSION = YES;
				CLANG_WARN_NON_LITERAL_NULL_CONVERSION = YES;
				CLANG_WARN_OBJC_IMPLICIT_RETAIN_SELF = YES;
				CLANG_WARN_OBJC_LITERAL_CONVERSION = YES;
				CLANG_WARN_OBJC_ROOT_CLASS = YES_ERROR;
				CLANG_WARN_RANGE_LOOP_ANALYSIS = YES;
				CLANG_WARN_STRICT_PROTOTYPES = YES;
				CLANG_WARN_SUSPICIOUS_MOVE = YES;
				CLANG_WARN_UNGUARDED_AVAILABILITY = YES_AGGRESSIVE;
				CLANG_WARN_UNREACHABLE_CODE = YES;
				CLANG_WARN__DUPLICATE_METHOD_MATCH = YES;
				COPY_PHASE_STRIP = NO;
				DEBUG_INFORMATION_FORMAT = "dwarf-with-dsym";
				ENABLE_NS_ASSERTIONS = NO;
				ENABLE_STRICT_OBJC_MSGSEND = YES;
				GCC_C_LANGUAGE_STANDARD = gnu11;
				GCC_NO_COMMON_BLOCKS = YES;
				GCC_WARN_64_TO_32_BIT_CONVERSION = YES;
				GCC_WARN_ABOUT_RETURN_TYPE = YES_ERROR;
				GCC_WARN_UNDECLARED_SELECTOR = YES;
				GCC_WARN_UNINITIALIZED_AUTOS = YES_AGGRESSIVE;
				GCC_WARN_UNUSED_FUNCTION = YES;
				GCC_WARN_UNUSED_VARIABLE = YES;
				IPHONEOS_DEPLOYMENT_TARGET = 13.1;
				MTL_ENABLE_DEBUG_INFO = NO;
				MTL_FAST_MATH = YES;
				SDKROOT = iphoneos;
				SWIFT_COMPILATION_MODE = wholemodule;
				SWIFT_OPTIMIZATION_LEVEL = "-O";
				VALIDATE_PRODUCT = YES;
			};
			name = Release;
		};
		81185195237C958C0064C9BD /* Debug */ = {
			isa = XCBuildConfiguration;
			buildSettings = {
				ASSETCATALOG_COMPILER_APPICON_NAME = AppIcon;
				CODE_SIGN_STYLE = Automatic;
				DEVELOPMENT_TEAM = S7LBWA3M99;
				INFOPLIST_FILE = NorrisFacts/Info.plist;
				LD_RUNPATH_SEARCH_PATHS = (
					"$(inherited)",
					"@executable_path/Frameworks",
				);
				LIBRARY_SEARCH_PATHS = (
					"$(inherited)",
					"$(PROJECT_DIR)/NorrisFacts",
				);
				PRODUCT_BUNDLE_IDENTIFIER = com.academyifce.NorrisFacts;
				PRODUCT_NAME = "$(TARGET_NAME)";
				SWIFT_VERSION = 5.0;
				TARGETED_DEVICE_FAMILY = "1,2";
			};
			name = Debug;
		};
		81185196237C958C0064C9BD /* Release */ = {
			isa = XCBuildConfiguration;
			buildSettings = {
				ASSETCATALOG_COMPILER_APPICON_NAME = AppIcon;
				CODE_SIGN_STYLE = Automatic;
				DEVELOPMENT_TEAM = S7LBWA3M99;
				INFOPLIST_FILE = NorrisFacts/Info.plist;
				LD_RUNPATH_SEARCH_PATHS = (
					"$(inherited)",
					"@executable_path/Frameworks",
				);
				LIBRARY_SEARCH_PATHS = (
					"$(inherited)",
					"$(PROJECT_DIR)/NorrisFacts",
				);
				PRODUCT_BUNDLE_IDENTIFIER = com.academyifce.NorrisFacts;
				PRODUCT_NAME = "$(TARGET_NAME)";
				SWIFT_VERSION = 5.0;
				TARGETED_DEVICE_FAMILY = "1,2";
			};
			name = Release;
		};
		81185198237C958C0064C9BD /* Debug */ = {
			isa = XCBuildConfiguration;
			buildSettings = {
				ALWAYS_EMBED_SWIFT_STANDARD_LIBRARIES = YES;
				BUNDLE_LOADER = "$(TEST_HOST)";
				"CODE_SIGN_IDENTITY[sdk=macosx*]" = "Apple Development";
				CODE_SIGN_STYLE = Automatic;
				DEVELOPMENT_TEAM = S7LBWA3M99;
				INFOPLIST_FILE = NorrisFactsTests/Info.plist;
				IPHONEOS_DEPLOYMENT_TARGET = 13.1;
				LD_RUNPATH_SEARCH_PATHS = (
					"$(inherited)",
					"@executable_path/Frameworks",
					"@loader_path/Frameworks",
				);
				PRODUCT_BUNDLE_IDENTIFIER = com.academyifce.NorrisFactsTests;
				PRODUCT_NAME = "$(TARGET_NAME)";
				SWIFT_VERSION = 5.0;
				TARGETED_DEVICE_FAMILY = "1,2";
				TEST_HOST = "$(BUILT_PRODUCTS_DIR)/NorrisFacts.app/NorrisFacts";
			};
			name = Debug;
		};
		81185199237C958C0064C9BD /* Release */ = {
			isa = XCBuildConfiguration;
			buildSettings = {
				ALWAYS_EMBED_SWIFT_STANDARD_LIBRARIES = YES;
				BUNDLE_LOADER = "$(TEST_HOST)";
				"CODE_SIGN_IDENTITY[sdk=macosx*]" = "Apple Development";
				CODE_SIGN_STYLE = Automatic;
				DEVELOPMENT_TEAM = S7LBWA3M99;
				INFOPLIST_FILE = NorrisFactsTests/Info.plist;
				IPHONEOS_DEPLOYMENT_TARGET = 13.1;
				LD_RUNPATH_SEARCH_PATHS = (
					"$(inherited)",
					"@executable_path/Frameworks",
					"@loader_path/Frameworks",
				);
				PRODUCT_BUNDLE_IDENTIFIER = com.academyifce.NorrisFactsTests;
				PRODUCT_NAME = "$(TARGET_NAME)";
				SWIFT_VERSION = 5.0;
				TARGETED_DEVICE_FAMILY = "1,2";
				TEST_HOST = "$(BUILT_PRODUCTS_DIR)/NorrisFacts.app/NorrisFacts";
			};
			name = Release;
		};
		8118519B237C958C0064C9BD /* Debug */ = {
			isa = XCBuildConfiguration;
			buildSettings = {
				ALWAYS_EMBED_SWIFT_STANDARD_LIBRARIES = YES;
				CODE_SIGN_STYLE = Automatic;
				DEVELOPMENT_TEAM = S7LBWA3M99;
				INFOPLIST_FILE = NorrisFactsUITests/Info.plist;
				LD_RUNPATH_SEARCH_PATHS = (
					"$(inherited)",
					"@executable_path/Frameworks",
					"@loader_path/Frameworks",
				);
				PRODUCT_BUNDLE_IDENTIFIER = com.academyifce.NorrisFactsUITests;
				PRODUCT_NAME = "$(TARGET_NAME)";
				SWIFT_VERSION = 5.0;
				TARGETED_DEVICE_FAMILY = "1,2";
				TEST_TARGET_NAME = NorrisFacts;
			};
			name = Debug;
		};
		8118519C237C958C0064C9BD /* Release */ = {
			isa = XCBuildConfiguration;
			buildSettings = {
				ALWAYS_EMBED_SWIFT_STANDARD_LIBRARIES = YES;
				CODE_SIGN_STYLE = Automatic;
				DEVELOPMENT_TEAM = S7LBWA3M99;
				INFOPLIST_FILE = NorrisFactsUITests/Info.plist;
				LD_RUNPATH_SEARCH_PATHS = (
					"$(inherited)",
					"@executable_path/Frameworks",
					"@loader_path/Frameworks",
				);
				PRODUCT_BUNDLE_IDENTIFIER = com.academyifce.NorrisFactsUITests;
				PRODUCT_NAME = "$(TARGET_NAME)";
				SWIFT_VERSION = 5.0;
				TARGETED_DEVICE_FAMILY = "1,2";
				TEST_TARGET_NAME = NorrisFacts;
			};
			name = Release;
		};
/* End XCBuildConfiguration section */

/* Begin XCConfigurationList section */
		81185165237C95880064C9BD /* Build configuration list for PBXProject "NorrisFacts" */ = {
			isa = XCConfigurationList;
			buildConfigurations = (
				81185192237C958C0064C9BD /* Debug */,
				81185193237C958C0064C9BD /* Release */,
			);
			defaultConfigurationIsVisible = 0;
			defaultConfigurationName = Release;
		};
		81185194237C958C0064C9BD /* Build configuration list for PBXNativeTarget "NorrisFacts" */ = {
			isa = XCConfigurationList;
			buildConfigurations = (
				81185195237C958C0064C9BD /* Debug */,
				81185196237C958C0064C9BD /* Release */,
			);
			defaultConfigurationIsVisible = 0;
			defaultConfigurationName = Release;
		};
		81185197237C958C0064C9BD /* Build configuration list for PBXNativeTarget "NorrisFactsTests" */ = {
			isa = XCConfigurationList;
			buildConfigurations = (
				81185198237C958C0064C9BD /* Debug */,
				81185199237C958C0064C9BD /* Release */,
			);
			defaultConfigurationIsVisible = 0;
			defaultConfigurationName = Release;
		};
		8118519A237C958C0064C9BD /* Build configuration list for PBXNativeTarget "NorrisFactsUITests" */ = {
			isa = XCConfigurationList;
			buildConfigurations = (
				8118519B237C958C0064C9BD /* Debug */,
				8118519C237C958C0064C9BD /* Release */,
			);
			defaultConfigurationIsVisible = 0;
			defaultConfigurationName = Release;
		};
/* End XCConfigurationList section */

/* Begin XCRemoteSwiftPackageReference section */
		811851A1237DF70A0064C9BD /* XCRemoteSwiftPackageReference "RxSwift" */ = {
			isa = XCRemoteSwiftPackageReference;
			repositoryURL = "https://github.com/ReactiveX/RxSwift.git";
			requirement = {
				kind = upToNextMajorVersion;
				minimumVersion = 5.0.1;
			};
		};
/* End XCRemoteSwiftPackageReference section */

/* Begin XCSwiftPackageProductDependency section */
		811851A4237DF70A0064C9BD /* RxSwift */ = {
			isa = XCSwiftPackageProductDependency;
			package = 811851A1237DF70A0064C9BD /* XCRemoteSwiftPackageReference "RxSwift" */;
			productName = RxSwift;
		};
		811851A6237DF70A0064C9BD /* RxCocoa */ = {
			isa = XCSwiftPackageProductDependency;
			package = 811851A1237DF70A0064C9BD /* XCRemoteSwiftPackageReference "RxSwift" */;
			productName = RxCocoa;
		};
/* End XCSwiftPackageProductDependency section */
	};
	rootObject = 81185162237C95880064C9BD /* Project object */;
}
